{
  "nodes": {
    "home-manager": {
      "inputs": {
        "nixpkgs": [
          "nixpkgs"
        ]
      },
      "locked": {
        "lastModified": 1735774425,
        "narHash": "sha256-C73gLFnEh8ZI0uDijUgCDWCd21T6I6tsaWgIBHcfAXg=",
        "owner": "nix-community",
        "repo": "home-manager",
        "rev": "5f6aa268e419d053c3d5025da740e390b12ac936",
        "type": "github"
      },
      "original": {
        "owner": "nix-community",
        "repo": "home-manager",
        "type": "github"
      }
    },
    "nixpkgs": {
      "locked": {
        "lastModified": 1735617354,
        "narHash": "sha256-5zJyv66q68QZJZsXtmjDBazGnF0id593VSy+8eSckoo=",
        "owner": "nixos",
        "repo": "nixpkgs",
        "rev": "69b9a8c860bdbb977adfa9c5e817ccb717884182",
        "type": "github"
      },
      "original": {
        "owner": "nixos",
        "ref": "nixpkgs-unstable",
        "repo": "nixpkgs",
        "type": "github"
      }
    },
    "root": {
      "inputs": {
        "home-manager": "home-manager",
        "nixpkgs": "nixpkgs"
      }
    }
  },
  "root": "root",
  "version": 7
}
